
Microsoft Visual Studio Solution File, Format Version 12.00
# Visual Studio Version 17
VisualStudioVersion = 17.2.32616.157
MinimumVisualStudioVersion = 10.0.40219.1
Project("{FAE04EC0-301F-11D3-BF4B-00C04F79EFBC}") = "ConsoleIO", "ConsoleIO\ConsoleIO.csproj", "{FC4C3BD2-DA94-427C-BEAC-F9752DBD0AC5}"
EndProject
Global
	GlobalSection(SolutionConfigurationPlatforms) = preSolution
		Debug|Any CPU = Debug|Any CPU
		Release|Any CPU = Release|Any CPU
	EndGlobalSection
	GlobalSection(ProjectConfigurationPlatforms) = postSolution
		{FC4C3BD2-DA94-427C-BEAC-F9752DBD0AC5}.Debug|Any CPU.ActiveCfg = Debug|Any CPU
		{FC4C3BD2-DA94-427C-BEAC-F9752DBD0AC5}.Debug|Any CPU.Build.0 = Debug|Any CPU
		{FC4C3BD2-DA94-427C-BEAC-F9752DBD0AC5}.Release|Any CPU.ActiveCfg = Release|Any CPU
		{FC4C3BD2-DA94-427C-BEAC-F9752DBD0AC5}.Release|Any CPU.Build.0 = Release|Any CPU
	EndGlobalSection
	GlobalSection(SolutionProperties) = preSolution
		HideSolutionNode = FALSE
	EndGlobalSection
	GlobalSection(ExtensibilityGlobals) = postSolution
		SolutionGuid = {94B22C8A-EDD1-41FA-8C66-E1BCE918E9A9}
	EndGlobalSection
EndGlobal
